{
    "_readme": [
        "This file locks the dependencies of your project to a known state",
        "Read more about it at https://getcomposer.org/doc/01-basic-usage.md#composer-lock-the-lock-file",
        "This file is @generated automatically"
    ],
    "content-hash": "703f170de7b46ecaaaece547c9e452d6",
    "packages": [
        {
            "name": "alkemann/debug",
            "version": "v0.4",
            "source": {
                "type": "git",
                "url": "https://github.com/alkemann/debug.git",
                "reference": "98cb0638ba39e396d3807acfc85060063e0dd788"
            },
            "dist": {
                "type": "zip",
                "url": "https://api.github.com/repos/alkemann/debug/zipball/98cb0638ba39e396d3807acfc85060063e0dd788",
                "reference": "98cb0638ba39e396d3807acfc85060063e0dd788",
                "shasum": ""
            },
            "type": "library",
            "autoload": {
                "psr-4": {
                    "alkemann\\debug\\": "src/"
                },
                "files": [
                    "src/functions.php"
                ]
            },
            "notification-url": "https://packagist.org/downloads/",
            "license": [
                "MIT"
            ],
            "authors": [
                {
                    "name": "Alexander Morland",
                    "email": "alek.morland@gmail.com"
                }
            ],
            "description": "Debug tool for dumping data, prettily",
            "time": "2017-08-11T13:51:28+00:00"
        },
        {
            "name": "alkemann/h2l",
            "version": "v0.39.1",
            "source": {
                "type": "git",
                "url": "https://github.com/alkemann/h2l.git",
                "reference": "cdffe5c1c6bc3caff4f12fc7be2a481a5b596ad9"
            },
            "dist": {
                "type": "zip",
                "url": "https://api.github.com/repos/alkemann/h2l/zipball/cdffe5c1c6bc3caff4f12fc7be2a481a5b596ad9",
                "reference": "cdffe5c1c6bc3caff4f12fc7be2a481a5b596ad9",
                "shasum": ""
            },
            "require": {
                "php": "^7.1.0"
            },
            "require-dev": {
                "mongodb/mongodb": "^1.1",
                "phpunit/phpunit": "^5.2"
            },
            "suggest": {
                "alkemann/debug": "Convenient var_dump replaces for debug and development, require-dev only",
                "ext-mongo": "For the MongoDb Datasource. ",
                "ext-pdo": "For the MySql, Postgres and Sqlite Datasources.",
                "mongodb/mongodb": "A Mongo DB data connection is provided that uses this library",
                "monolog/monolog": "Advanced logging that can be plugged into the logger"
            },
            "bin": [
                "bin/skeleton",
                "bin/testh2l"
            ],
            "type": "library",
            "autoload": {
                "psr-4": {
                    "alkemann\\h2l\\": "src/",
                    "alkemann\\h2l\\tests\\": "tests/"
                }
            },
            "notification-url": "https://packagist.org/downloads/",
            "license": [
                "MIT"
            ],
            "authors": [
                {
                    "name": "Alexander Morland",
                    "homepage": "https://github.com/alkemann"
                }
            ],
            "description": "A micro framework for websites and apis. This is a sequel of h.l, made for PHP 7",
            "homepage": "https://github.com/alkemann/h2l",
            "keywords": [
                "PHP7",
                "framework",
                "microframework",
                "router",
                "routing"
            ],
            "time": "2019-03-24T16:21:06+00:00"
        }
    ],
    "packages-dev": [
        {
            "name": "heroku/heroku-buildpack-php",
            "version": "v153",
            "source": {
                "type": "git",
                "url": "https://github.com/heroku/heroku-buildpack-php.git",
                "reference": "59b9c4daeebd70eadc4ae3d394429e3f357c56e8"
            },
            "dist": {
                "type": "zip",
                "url": "https://api.github.com/repos/heroku/heroku-buildpack-php/zipball/59b9c4daeebd70eadc4ae3d394429e3f357c56e8",
                "reference": "59b9c4daeebd70eadc4ae3d394429e3f357c56e8",
                "shasum": ""
            },
            "bin": [
                "bin/heroku-hhvm-apache2",
                "bin/heroku-hhvm-nginx",
                "bin/heroku-php-apache2",
                "bin/heroku-php-nginx"
            ],
            "type": "library",
            "notification-url": "https://packagist.org/downloads/",
            "license": [
                "MIT"
            ],
            "authors": [
                {
                    "name": "David Zuelke",
                    "email": "dz@heroku.com"
                }
            ],
            "description": "Toolkit for starting a PHP application locally, with or without foreman, using the same config for PHP/HHVM and Apache2/Nginx as on Heroku",
            "homepage": "https://github.com/heroku/heroku-buildpack-php",
            "keywords": [
                "apache",
                "apache2",
                "foreman",
                "heroku",
                "hhvm",
                "nginx",
                "php"
            ],
            "time": "2019-03-19T00:24:16+00:00"
        }
    ],
    "aliases": [],
    "minimum-stability": "stable",
    "stability-flags": [],
    "prefer-stable": false,
    "prefer-lowest": false,
    "platform": [],
    "platform-dev": []
}
